
Microsoft Visual Studio Solution File, Format Version 12.00
# Visual Studio Version 17
VisualStudioVersion = 17.2.32616.157
MinimumVisualStudioVersion = 10.0.40219.1
Project("{9A19103F-16F7-4668-BE54-9A1E7A4F7556}") = "Host File Editor", "Host File Editor\Host File Editor.csproj", "{C536908E-8B2E-4434-8E71-AE61DD770F74}"
EndProject
Project("{2150E333-8FDC-42A3-9474-1A3956D46DE8}") = "Solution Items", "Solution Items", "{63933CCD-A5D7-4B15-A9D6-EC1ABDC8637C}"
	ProjectSection(SolutionItems) = preProject
		.editorconfig = .editorconfig
	EndProjectSection
EndProject
Global
	GlobalSection(SolutionConfigurationPlatforms) = preSolution
		Debug|Any CPU = Debug|Any CPU
		Release|Any CPU = Release|Any CPU
	EndGlobalSection
	GlobalSection(ProjectConfigurationPlatforms) = postSolution
		{C536908E-8B2E-4434-8E71-AE61DD770F74}.Debug|Any CPU.ActiveCfg = Debug|Any CPU
		{C536908E-8B2E-4434-8E71-AE61DD770F74}.Debug|Any CPU.Build.0 = Debug|Any CPU
		{C536908E-8B2E-4434-8E71-AE61DD770F74}.Release|Any CPU.ActiveCfg = Release|Any CPU
		{C536908E-8B2E-4434-8E71-AE61DD770F74}.Release|Any CPU.Build.0 = Release|Any CPU
	EndGlobalSection
	GlobalSection(SolutionProperties) = preSolution
		HideSolutionNode = FALSE
	EndGlobalSection
	GlobalSection(ExtensibilityGlobals) = postSolution
		SolutionGuid = {B6A046F6-9C7E-4339-BA55-A4C1A3521BA6}
	EndGlobalSection
EndGlobal
